<?xml version="1.0" encoding="utf-8"?>
<Project ToolsVersion="4.0" xmlns="http://schemas.microsoft.com/developer/msbuild/2003">
  <ItemGroup>
    <Filter Include="Fichiers sources">
      <UniqueIdentifier>{4FC737F1-C7A5-4376-A066-2A32D752A2FF}</UniqueIdentifier>
      <Extensions>cpp;c;cc;cxx;c++;def;odl;idl;hpj;bat;asm;asmx</Extensions>
    </Filter>
    <Filter Include="Fichiers d%27en-tête">
      <UniqueIdentifier>{93995380-89BD-4b04-88EB-625FBE52EBFB}</UniqueIdentifier>
      <Extensions>h;hh;hpp;hxx;h++;hm;inl;inc;ipp;xsd</Extensions>
    </Filter>
    <Filter Include="Fichiers de ressources">
      <UniqueIdentifier>{67DA6AB6-F800-4c08-8B7A-83BB121AAD01}</UniqueIdentifier>
      <Extensions>rc;ico;cur;bmp;dlg;rc2;rct;bin;rgs;gif;jpg;jpeg;jpe;resx;tiff;tif;png;wav;mfcribbon-ms</Extensions>
    </Filter>
    <Filter Include="Fichiers d%27en-tête\cartes">
      <UniqueIdentifier>{f6fbae6f-8fb5-48fc-b7fb-ec2ed3353030}</UniqueIdentifier>
    </Filter>
    <Filter Include="Fichiers d%27en-tête\communication">
      <UniqueIdentifier>{74301734-53fc-4e88-be0d-ec7611e83a69}</UniqueIdentifier>
    </Filter>
    <Filter Include="Fichiers d%27en-tête\jeu">
      <UniqueIdentifier>{be0a0e0a-b88a-424a-ae29-10c861b5744c}</UniqueIdentifier>
    </Filter>
    <Filter Include="Fichiers sources\cartes">
      <UniqueIdentifier>{e08f06c8-4df1-4f2b-9fcf-ae4916323c25}</UniqueIdentifier>
    </Filter>
    <Filter Include="Fichiers sources\communication">
      <UniqueIdentifier>{f2c800d9-ab0c-4548-9485-dbe58655e803}</UniqueIdentifier>
    </Filter>
    <Filter Include="Fichiers sources\jeu">
      <UniqueIdentifier>{11438d41-a323-418f-b89c-a0d05ccb0697}</UniqueIdentifier>
    </Filter>
  </ItemGroup>
  <ItemGroup>
    <ClCompile Include="Uno.cpp">
      <Filter>Fichiers sources</Filter>
    </ClCompile>
    <ClCompile Include="cartes\Card.cpp">
      <Filter>Fichiers sources\cartes</Filter>
    </ClCompile>
    <ClCompile Include="cartes\ColoredCard.cpp">
      <Filter>Fichiers sources\cartes</Filter>
    </ClCompile>
    <ClCompile Include="cartes\Deck.cpp">
      <Filter>Fichiers sources\cartes</Filter>
    </ClCompile>
    <ClCompile Include="cartes\OpalCard.cpp">
      <Filter>Fichiers sources\cartes</Filter>
    </ClCompile>
    <ClCompile Include="cartes\SpecialCard.cpp">
      <Filter>Fichiers sources\cartes</Filter>
    </ClCompile>
    <ClCompile Include="communication\odrive.cpp">
      <Filter>Fichiers sources\communication</Filter>
    </ClCompile>
    <ClCompile Include="jeu\Unoc.cpp">
      <Filter>Fichiers sources\jeu</Filter>
    </ClCompile>
    <ClCompile Include="jeu\Menu.cpp">
      <Filter>Fichiers sources\jeu</Filter>
    </ClCompile>
    <ClCompile Include="jeu\Jeu.cpp">
      <Filter>Fichiers sources\jeu</Filter>
    </ClCompile>
    <ClCompile Include="communication\CommSalon.cpp">
      <Filter>Fichiers sources\communication</Filter>
    </ClCompile>
    <ClCompile Include="cartes\Draw.cpp">
      <Filter>Fichiers sources\cartes</Filter>
    </ClCompile>
    <ClCompile Include="jeu\Salon.cpp">
      <Filter>Fichiers sources\jeu</Filter>
    </ClCompile>
    <ClCompile Include="jeu\Game.cpp">
      <Filter>Fichiers sources\jeu</Filter>
    </ClCompile>
    <ClCompile Include="communication\Fichier.cpp">
      <Filter>Fichiers sources\communication</Filter>
    </ClCompile>
    <ClCompile Include="communication\CommJeu.cpp">
      <Filter>Fichiers sources\communication</Filter>
    </ClCompile>
  </ItemGroup>
  <ItemGroup>
    <ClInclude Include="cartes\Card.h">
      <Filter>Fichiers d%27en-tête\cartes</Filter>
    </ClInclude>
    <ClInclude Include="cartes\ColoredCard.h">
      <Filter>Fichiers d%27en-tête\cartes</Filter>
    </ClInclude>
    <ClInclude Include="cartes\Deck.h">
      <Filter>Fichiers d%27en-tête\cartes</Filter>
    </ClInclude>
    <ClInclude Include="cartes\OpalCard.h">
      <Filter>Fichiers d%27en-tête\cartes</Filter>
    </ClInclude>
    <ClInclude Include="cartes\SpecialCard.h">
      <Filter>Fichiers d%27en-tête\cartes</Filter>
    </ClInclude>
    <ClInclude Include="communication\Fichier.h">
      <Filter>Fichiers d%27en-tête\communication</Filter>
    </ClInclude>
    <ClInclude Include="communication\odrive.h">
      <Filter>Fichiers d%27en-tête\communication</Filter>
    </ClInclude>
    <ClInclude Include="jeu\Menu.h">
      <Filter>Fichiers d%27en-tête\jeu</Filter>
    </ClInclude>
    <ClInclude Include="jeu\Unoc.h">
      <Filter>Fichiers d%27en-tête\jeu</Filter>
    </ClInclude>
    <ClInclude Include="jeu\Jeu.h">
      <Filter>Fichiers d%27en-tête\jeu</Filter>
    </ClInclude>
    <ClInclude Include="communication\CommSalon.h">
      <Filter>Fichiers d%27en-tête\communication</Filter>
    </ClInclude>
    <ClInclude Include="cartes\Draw.h">
      <Filter>Fichiers d%27en-tête\cartes</Filter>
    </ClInclude>
    <ClInclude Include="jeu\Salon.h">
      <Filter>Fichiers d%27en-tête\jeu</Filter>
    </ClInclude>
    <ClInclude Include="jeu\Game.h">
      <Filter>Fichiers d%27en-tête\jeu</Filter>
    </ClInclude>
    <ClInclude Include="communication\CommJeu.h">
      <Filter>Fichiers d%27en-tête\communication</Filter>
    </ClInclude>
  </ItemGroup>
</Project>